{
  "name": "@inversifyjs/infrastructure",
  "version": "1.0.0",
  "lockfileVersion": 3,
  "requires": true,
  "packages": {
    "": {
      "name": "@inversifyjs/infrastructure",
      "version": "1.0.0",
      "license": "ISC",
      "dependencies": {
        "@inversifyjs/infrastructure": "file:"
      }
    },
    "node_modules/@inversifyjs/infrastructure": {
      "resolved": "",
      "link": true
    }
  }
}
